
Microsoft Visual Studio Solution File, Format Version 12.00
# Visual Studio Version 16
VisualStudioVersion = 16.0.28729.10
MinimumVisualStudioVersion = 10.0.40219.1
Project("{9A19103F-16F7-4668-BE54-9A1E7A4F7556}") = "StoreApi", "StoreApi\StoreApi.csproj", "{CFC64736-A881-4BDE-A0FB-73B67BA40DBD}"
EndProject
Project("{2150E333-8FDC-42A3-9474-1A3956D46DE8}") = "Building Blocks", "Building Blocks", "{1F7258E9-557D-4E05-9841-6B5F13276662}"
EndProject
Project("{9A19103F-16F7-4668-BE54-9A1E7A4F7556}") = "Models", "Models\Models.csproj", "{EB2E9358-7BB5-4140-A322-D3DE3FC1E1D4}"
EndProject
Project("{9A19103F-16F7-4668-BE54-9A1E7A4F7556}") = "WebHost.Customization", "WebHost.Customization\WebHost.Customization.csproj", "{6CFC0A4F-E48C-4BBA-A57D-FB9896260240}"
EndProject
Project("{9A19103F-16F7-4668-BE54-9A1E7A4F7556}") = "StoreApi.BusinessAccess", "StoreApi.BusinessAccess\StoreApi.BusinessAccess.csproj", "{62979DF8-9F40-47A5-A8B1-D3EA8BEF5276}"
EndProject
Project("{2150E333-8FDC-42A3-9474-1A3956D46DE8}") = "Store Service", "Store Service", "{E4AA4522-7E30-4E5F-A303-2A47D9E1923C}"
EndProject
Project("{9A19103F-16F7-4668-BE54-9A1E7A4F7556}") = "StoreApi.Context", "StoreApi.Context\StoreApi.Context.csproj", "{0251166D-D9DB-47C9-9D80-00463B740B6B}"
EndProject
Project("{9A19103F-16F7-4668-BE54-9A1E7A4F7556}") = "Extensions", "Extensions\Extensions.csproj", "{07978792-2CC1-4B0D-A554-F10F9D550DA5}"
EndProject
Project("{FAE04EC0-301F-11D3-BF4B-00C04F79EFBC}") = "StoreApi.Identity", "StoreApi.Identity\StoreApi.Identity.csproj", "{52B95220-2667-4AF8-ADFA-1B3CB2641872}"
EndProject
Project("{FAE04EC0-301F-11D3-BF4B-00C04F79EFBC}") = "StoreApi.Infrastructure", "StoreApi.Infrastructure\StoreApi.Infrastructure.csproj", "{9D7E0E20-665F-4E3D-8D30-2B769FF81C0E}"
EndProject
Project("{2150E333-8FDC-42A3-9474-1A3956D46DE8}") = "Tests", "Tests", "{CA2FA0B1-7E62-449C-A325-88BAB6956794}"
EndProject
Project("{FAE04EC0-301F-11D3-BF4B-00C04F79EFBC}") = "XUnitIntegrationTest", "XUnitIntegrationTest\XUnitIntegrationTest.csproj", "{2BFE79D8-47F8-48E6-8D5F-B1D83C2F06F4}"
EndProject
Global
	GlobalSection(SolutionConfigurationPlatforms) = preSolution
		Debug|Any CPU = Debug|Any CPU
		Release|Any CPU = Release|Any CPU
	EndGlobalSection
	GlobalSection(ProjectConfigurationPlatforms) = postSolution
		{CFC64736-A881-4BDE-A0FB-73B67BA40DBD}.Debug|Any CPU.ActiveCfg = Debug|Any CPU
		{CFC64736-A881-4BDE-A0FB-73B67BA40DBD}.Debug|Any CPU.Build.0 = Debug|Any CPU
		{CFC64736-A881-4BDE-A0FB-73B67BA40DBD}.Release|Any CPU.ActiveCfg = Release|Any CPU
		{CFC64736-A881-4BDE-A0FB-73B67BA40DBD}.Release|Any CPU.Build.0 = Release|Any CPU
		{EB2E9358-7BB5-4140-A322-D3DE3FC1E1D4}.Debug|Any CPU.ActiveCfg = Debug|Any CPU
		{EB2E9358-7BB5-4140-A322-D3DE3FC1E1D4}.Debug|Any CPU.Build.0 = Debug|Any CPU
		{EB2E9358-7BB5-4140-A322-D3DE3FC1E1D4}.Release|Any CPU.ActiveCfg = Release|Any CPU
		{EB2E9358-7BB5-4140-A322-D3DE3FC1E1D4}.Release|Any CPU.Build.0 = Release|Any CPU
		{6CFC0A4F-E48C-4BBA-A57D-FB9896260240}.Debug|Any CPU.ActiveCfg = Debug|Any CPU
		{6CFC0A4F-E48C-4BBA-A57D-FB9896260240}.Debug|Any CPU.Build.0 = Debug|Any CPU
		{6CFC0A4F-E48C-4BBA-A57D-FB9896260240}.Release|Any CPU.ActiveCfg = Release|Any CPU
		{6CFC0A4F-E48C-4BBA-A57D-FB9896260240}.Release|Any CPU.Build.0 = Release|Any CPU
		{62979DF8-9F40-47A5-A8B1-D3EA8BEF5276}.Debug|Any CPU.ActiveCfg = Debug|Any CPU
		{62979DF8-9F40-47A5-A8B1-D3EA8BEF5276}.Debug|Any CPU.Build.0 = Debug|Any CPU
		{62979DF8-9F40-47A5-A8B1-D3EA8BEF5276}.Release|Any CPU.ActiveCfg = Release|Any CPU
		{62979DF8-9F40-47A5-A8B1-D3EA8BEF5276}.Release|Any CPU.Build.0 = Release|Any CPU
		{0251166D-D9DB-47C9-9D80-00463B740B6B}.Debug|Any CPU.ActiveCfg = Debug|Any CPU
		{0251166D-D9DB-47C9-9D80-00463B740B6B}.Debug|Any CPU.Build.0 = Debug|Any CPU
		{0251166D-D9DB-47C9-9D80-00463B740B6B}.Release|Any CPU.ActiveCfg = Release|Any CPU
		{0251166D-D9DB-47C9-9D80-00463B740B6B}.Release|Any CPU.Build.0 = Release|Any CPU
		{07978792-2CC1-4B0D-A554-F10F9D550DA5}.Debug|Any CPU.ActiveCfg = Debug|Any CPU
		{07978792-2CC1-4B0D-A554-F10F9D550DA5}.Debug|Any CPU.Build.0 = Debug|Any CPU
		{07978792-2CC1-4B0D-A554-F10F9D550DA5}.Release|Any CPU.ActiveCfg = Release|Any CPU
		{07978792-2CC1-4B0D-A554-F10F9D550DA5}.Release|Any CPU.Build.0 = Release|Any CPU
		{52B95220-2667-4AF8-ADFA-1B3CB2641872}.Debug|Any CPU.ActiveCfg = Debug|Any CPU
		{52B95220-2667-4AF8-ADFA-1B3CB2641872}.Debug|Any CPU.Build.0 = Debug|Any CPU
		{52B95220-2667-4AF8-ADFA-1B3CB2641872}.Release|Any CPU.ActiveCfg = Release|Any CPU
		{52B95220-2667-4AF8-ADFA-1B3CB2641872}.Release|Any CPU.Build.0 = Release|Any CPU
		{9D7E0E20-665F-4E3D-8D30-2B769FF81C0E}.Debug|Any CPU.ActiveCfg = Debug|Any CPU
		{9D7E0E20-665F-4E3D-8D30-2B769FF81C0E}.Debug|Any CPU.Build.0 = Debug|Any CPU
		{9D7E0E20-665F-4E3D-8D30-2B769FF81C0E}.Release|Any CPU.ActiveCfg = Release|Any CPU
		{9D7E0E20-665F-4E3D-8D30-2B769FF81C0E}.Release|Any CPU.Build.0 = Release|Any CPU
		{2BFE79D8-47F8-48E6-8D5F-B1D83C2F06F4}.Debug|Any CPU.ActiveCfg = Debug|Any CPU
		{2BFE79D8-47F8-48E6-8D5F-B1D83C2F06F4}.Debug|Any CPU.Build.0 = Debug|Any CPU
		{2BFE79D8-47F8-48E6-8D5F-B1D83C2F06F4}.Release|Any CPU.ActiveCfg = Release|Any CPU
		{2BFE79D8-47F8-48E6-8D5F-B1D83C2F06F4}.Release|Any CPU.Build.0 = Release|Any CPU
	EndGlobalSection
	GlobalSection(SolutionProperties) = preSolution
		HideSolutionNode = FALSE
	EndGlobalSection
	GlobalSection(NestedProjects) = preSolution
		{EB2E9358-7BB5-4140-A322-D3DE3FC1E1D4} = {1F7258E9-557D-4E05-9841-6B5F13276662}
		{6CFC0A4F-E48C-4BBA-A57D-FB9896260240} = {1F7258E9-557D-4E05-9841-6B5F13276662}
		{62979DF8-9F40-47A5-A8B1-D3EA8BEF5276} = {E4AA4522-7E30-4E5F-A303-2A47D9E1923C}
		{0251166D-D9DB-47C9-9D80-00463B740B6B} = {E4AA4522-7E30-4E5F-A303-2A47D9E1923C}
		{07978792-2CC1-4B0D-A554-F10F9D550DA5} = {1F7258E9-557D-4E05-9841-6B5F13276662}
		{52B95220-2667-4AF8-ADFA-1B3CB2641872} = {E4AA4522-7E30-4E5F-A303-2A47D9E1923C}
		{9D7E0E20-665F-4E3D-8D30-2B769FF81C0E} = {E4AA4522-7E30-4E5F-A303-2A47D9E1923C}
		{2BFE79D8-47F8-48E6-8D5F-B1D83C2F06F4} = {CA2FA0B1-7E62-449C-A325-88BAB6956794}
	EndGlobalSection
	GlobalSection(ExtensibilityGlobals) = postSolution
		SolutionGuid = {61B011E7-7619-422B-AA87-10D8E7719672}
	EndGlobalSection
EndGlobal
